
Microsoft Visual Studio Solution File, Format Version 12.00
# Visual Studio 15
Project("{FAE04EC0-301F-11D3-BF4B-00C04F79EFBC}") = "src", "src\src.csproj", "{352A19E1-263B-417A-B8F9-588AB48724EB}"
EndProject
Project("{FAE04EC0-301F-11D3-BF4B-00C04F79EFBC}") = "tests", "tests\tests.csproj", "{B257B74E-DCA4-482C-9F5B-BB25EEF06D36}"
EndProject
Project("{FAE04EC0-301F-11D3-BF4B-00C04F79EFBC}") = "app", "app\app.csproj", "{40E83763-7CBC-44E1-9B67-847B87F4A5DC}"
EndProject
Global
	GlobalSection(SolutionConfigurationPlatforms) = preSolution
		Debug|Any CPU = Debug|Any CPU
		Release|Any CPU = Release|Any CPU
	EndGlobalSection
	GlobalSection(ProjectConfigurationPlatforms) = postSolution
		{352A19E1-263B-417A-B8F9-588AB48724EB}.Debug|Any CPU.ActiveCfg = Debug|Any CPU
		{352A19E1-263B-417A-B8F9-588AB48724EB}.Debug|Any CPU.Build.0 = Debug|Any CPU
		{352A19E1-263B-417A-B8F9-588AB48724EB}.Release|Any CPU.ActiveCfg = Release|Any CPU
		{352A19E1-263B-417A-B8F9-588AB48724EB}.Release|Any CPU.Build.0 = Release|Any CPU
		{B257B74E-DCA4-482C-9F5B-BB25EEF06D36}.Debug|Any CPU.ActiveCfg = Debug|Any CPU
		{B257B74E-DCA4-482C-9F5B-BB25EEF06D36}.Debug|Any CPU.Build.0 = Debug|Any CPU
		{B257B74E-DCA4-482C-9F5B-BB25EEF06D36}.Release|Any CPU.ActiveCfg = Release|Any CPU
		{B257B74E-DCA4-482C-9F5B-BB25EEF06D36}.Release|Any CPU.Build.0 = Release|Any CPU
		{40E83763-7CBC-44E1-9B67-847B87F4A5DC}.Debug|Any CPU.ActiveCfg = Debug|Any CPU
		{40E83763-7CBC-44E1-9B67-847B87F4A5DC}.Debug|Any CPU.Build.0 = Debug|Any CPU
		{40E83763-7CBC-44E1-9B67-847B87F4A5DC}.Release|Any CPU.ActiveCfg = Release|Any CPU
		{40E83763-7CBC-44E1-9B67-847B87F4A5DC}.Release|Any CPU.Build.0 = Release|Any CPU
	EndGlobalSection
EndGlobal
